
Microsoft Visual Studio Solution File, Format Version 12.00
# Visual Studio Version 17
VisualStudioVersion = 17.2.32526.322
MinimumVisualStudioVersion = 10.0.40219.1
Project("{FAE04EC0-301F-11D3-BF4B-00C04F79EFBC}") = "StepperOnMud", "StepperOnMud\StepperOnMud.csproj", "{1F0C5F1A-9781-480C-AF91-E658A1D22922}"
EndProject
Global
	GlobalSection(SolutionConfigurationPlatforms) = preSolution
		Debug|Any CPU = Debug|Any CPU
		Release|Any CPU = Release|Any CPU
	EndGlobalSection
	GlobalSection(ProjectConfigurationPlatforms) = postSolution
		{1F0C5F1A-9781-480C-AF91-E658A1D22922}.Debug|Any CPU.ActiveCfg = Debug|Any CPU
		{1F0C5F1A-9781-480C-AF91-E658A1D22922}.Debug|Any CPU.Build.0 = Debug|Any CPU
		{1F0C5F1A-9781-480C-AF91-E658A1D22922}.Release|Any CPU.ActiveCfg = Release|Any CPU
		{1F0C5F1A-9781-480C-AF91-E658A1D22922}.Release|Any CPU.Build.0 = Release|Any CPU
	EndGlobalSection
	GlobalSection(SolutionProperties) = preSolution
		HideSolutionNode = FALSE
	EndGlobalSection
	GlobalSection(ExtensibilityGlobals) = postSolution
		SolutionGuid = {817D7887-DA7B-44CA-AB69-BE8F6F16071D}
	EndGlobalSection
EndGlobal
